
Microsoft Visual Studio Solution File, Format Version 12.00
# Visual Studio 15
VisualStudioVersion = 15.0.27428.2015
MinimumVisualStudioVersion = 10.0.40219.1
Project("{9A19103F-16F7-4668-BE54-9A1E7A4F7556}") = "TransformationFramework", "TransformationFramework\TransformationFramework.csproj", "{605B7F2A-4255-41B6-8513-41ED7C6FD28C}"
EndProject
Project("{FAE04EC0-301F-11D3-BF4B-00C04F79EFBC}") = "TransformationFramework.Test", "..\Test\TransformationFramework.Test\TransformationFramework.Test.csproj", "{137D51D3-CB11-44CC-AC25-68287F004C86}"
EndProject
Global
	GlobalSection(SolutionConfigurationPlatforms) = preSolution
		Debug|Any CPU = Debug|Any CPU
		Release|Any CPU = Release|Any CPU
	EndGlobalSection
	GlobalSection(ProjectConfigurationPlatforms) = postSolution
		{605B7F2A-4255-41B6-8513-41ED7C6FD28C}.Debug|Any CPU.ActiveCfg = Debug|Any CPU
		{605B7F2A-4255-41B6-8513-41ED7C6FD28C}.Debug|Any CPU.Build.0 = Debug|Any CPU
		{605B7F2A-4255-41B6-8513-41ED7C6FD28C}.Release|Any CPU.ActiveCfg = Release|Any CPU
		{605B7F2A-4255-41B6-8513-41ED7C6FD28C}.Release|Any CPU.Build.0 = Release|Any CPU
		{137D51D3-CB11-44CC-AC25-68287F004C86}.Debug|Any CPU.ActiveCfg = Debug|Any CPU
		{137D51D3-CB11-44CC-AC25-68287F004C86}.Debug|Any CPU.Build.0 = Debug|Any CPU
		{137D51D3-CB11-44CC-AC25-68287F004C86}.Release|Any CPU.ActiveCfg = Release|Any CPU
		{137D51D3-CB11-44CC-AC25-68287F004C86}.Release|Any CPU.Build.0 = Release|Any CPU
	EndGlobalSection
	GlobalSection(SolutionProperties) = preSolution
		HideSolutionNode = FALSE
	EndGlobalSection
	GlobalSection(ExtensibilityGlobals) = postSolution
		SolutionGuid = {5E6917E8-1906-4BB1-B1CB-63DF8C0AD53B}
	EndGlobalSection
EndGlobal
